
Microsoft Visual Studio Solution File, Format Version 12.00
# Visual Studio Version 16
VisualStudioVersion = 16.0.30517.126
MinimumVisualStudioVersion = 10.0.40219.1
Project("{FAE04EC0-301F-11D3-BF4B-00C04F79EFBC}") = "BillingAPI", "BillingAPI\BillingAPI.csproj", "{97ADC997-3215-4585-8F37-25F56A40FF31}"
EndProject
Project("{FAE04EC0-301F-11D3-BF4B-00C04F79EFBC}") = "Entity", "Entity\Entity.csproj", "{67EE9D1D-A1AF-4AC0-936B-2A3E5803B4D5}"
EndProject
Project("{FAE04EC0-301F-11D3-BF4B-00C04F79EFBC}") = "DataAccess", "DataAccess\DataAccess.csproj", "{FD8DAD45-6AF0-4DD6-AB3D-51240A4C7E3D}"
EndProject
Project("{FAE04EC0-301F-11D3-BF4B-00C04F79EFBC}") = "DependencyInjection", "DependencyInjection\DependencyInjection.csproj", "{FBFE2476-24B1-40BE-AB14-1AB7E9528A9F}"
EndProject
Project("{FAE04EC0-301F-11D3-BF4B-00C04F79EFBC}") = "Domains", "Domains\Domains.csproj", "{1DB75BB5-BCAE-4EF2-9D69-ED7C70464C78}"
EndProject
Global
	GlobalSection(SolutionConfigurationPlatforms) = preSolution
		Debug|Any CPU = Debug|Any CPU
		Release|Any CPU = Release|Any CPU
	EndGlobalSection
	GlobalSection(ProjectConfigurationPlatforms) = postSolution
		{97ADC997-3215-4585-8F37-25F56A40FF31}.Debug|Any CPU.ActiveCfg = Debug|Any CPU
		{97ADC997-3215-4585-8F37-25F56A40FF31}.Debug|Any CPU.Build.0 = Debug|Any CPU
		{97ADC997-3215-4585-8F37-25F56A40FF31}.Release|Any CPU.ActiveCfg = Release|Any CPU
		{97ADC997-3215-4585-8F37-25F56A40FF31}.Release|Any CPU.Build.0 = Release|Any CPU
		{67EE9D1D-A1AF-4AC0-936B-2A3E5803B4D5}.Debug|Any CPU.ActiveCfg = Debug|Any CPU
		{67EE9D1D-A1AF-4AC0-936B-2A3E5803B4D5}.Debug|Any CPU.Build.0 = Debug|Any CPU
		{67EE9D1D-A1AF-4AC0-936B-2A3E5803B4D5}.Release|Any CPU.ActiveCfg = Release|Any CPU
		{67EE9D1D-A1AF-4AC0-936B-2A3E5803B4D5}.Release|Any CPU.Build.0 = Release|Any CPU
		{FD8DAD45-6AF0-4DD6-AB3D-51240A4C7E3D}.Debug|Any CPU.ActiveCfg = Debug|Any CPU
		{FD8DAD45-6AF0-4DD6-AB3D-51240A4C7E3D}.Debug|Any CPU.Build.0 = Debug|Any CPU
		{FD8DAD45-6AF0-4DD6-AB3D-51240A4C7E3D}.Release|Any CPU.ActiveCfg = Release|Any CPU
		{FD8DAD45-6AF0-4DD6-AB3D-51240A4C7E3D}.Release|Any CPU.Build.0 = Release|Any CPU
		{FBFE2476-24B1-40BE-AB14-1AB7E9528A9F}.Debug|Any CPU.ActiveCfg = Debug|Any CPU
		{FBFE2476-24B1-40BE-AB14-1AB7E9528A9F}.Debug|Any CPU.Build.0 = Debug|Any CPU
		{FBFE2476-24B1-40BE-AB14-1AB7E9528A9F}.Release|Any CPU.ActiveCfg = Release|Any CPU
		{FBFE2476-24B1-40BE-AB14-1AB7E9528A9F}.Release|Any CPU.Build.0 = Release|Any CPU
		{1DB75BB5-BCAE-4EF2-9D69-ED7C70464C78}.Debug|Any CPU.ActiveCfg = Debug|Any CPU
		{1DB75BB5-BCAE-4EF2-9D69-ED7C70464C78}.Debug|Any CPU.Build.0 = Debug|Any CPU
		{1DB75BB5-BCAE-4EF2-9D69-ED7C70464C78}.Release|Any CPU.ActiveCfg = Release|Any CPU
		{1DB75BB5-BCAE-4EF2-9D69-ED7C70464C78}.Release|Any CPU.Build.0 = Release|Any CPU
	EndGlobalSection
	GlobalSection(SolutionProperties) = preSolution
		HideSolutionNode = FALSE
	EndGlobalSection
	GlobalSection(ExtensibilityGlobals) = postSolution
		SolutionGuid = {F0716B06-DFE5-422F-92A0-A44950FBEC26}
	EndGlobalSection
EndGlobal
